
Microsoft Visual Studio Solution File, Format Version 12.00
# Visual Studio Version 17
VisualStudioVersion = 17.10.35013.160
MinimumVisualStudioVersion = 10.0.40219.1
Project("{FAE04EC0-301F-11D3-BF4B-00C04F79EFBC}") = "faini", "faini.csproj", "{4C31BF65-6697-49EC-90C8-F06A8CA49D43}"
EndProject
Global
	GlobalSection(SolutionConfigurationPlatforms) = preSolution
		Debug|Any CPU = Debug|Any CPU
		Release|Any CPU = Release|Any CPU
	EndGlobalSection
	GlobalSection(ProjectConfigurationPlatforms) = postSolution
		{4C31BF65-6697-49EC-90C8-F06A8CA49D43}.Debug|Any CPU.ActiveCfg = Debug|Any CPU
		{4C31BF65-6697-49EC-90C8-F06A8CA49D43}.Debug|Any CPU.Build.0 = Debug|Any CPU
		{4C31BF65-6697-49EC-90C8-F06A8CA49D43}.Release|Any CPU.ActiveCfg = Release|Any CPU
		{4C31BF65-6697-49EC-90C8-F06A8CA49D43}.Release|Any CPU.Build.0 = Release|Any CPU
	EndGlobalSection
	GlobalSection(SolutionProperties) = preSolution
		HideSolutionNode = FALSE
	EndGlobalSection
	GlobalSection(ExtensibilityGlobals) = postSolution
		SolutionGuid = {60CD95B6-055B-4DF2-AC28-0DA1532B8856}
	EndGlobalSection
EndGlobal
